{
  "name": "my-cv",
  "version": "1.0.0",
  "lockfileVersion": 2,
  "requires": true,
  "packages": {
    "": {
      "name": "my-cv",
      "version": "1.0.0",
      "license": "MIT",
      "devDependencies": {
        "fonts.css": "^2.0.0"
      }
    },
    "node_modules/fonts.css": {
      "version": "2.0.0",
      "resolved": "https://registry.npmjs.org/fonts.css/-/fonts.css-2.0.0.tgz",
      "integrity": "sha512-Q1f9npa8JaN+HnIB29U+l50XFIJvawglX2Hx+vEjp6VsghQTPRy0/WISnDhY7ozvUs68TXq7F0KxtVU97uUVYw==",
      "dev": true
    }
  },
  "dependencies": {
    "fonts.css": {
      "version": "2.0.0",
      "resolved": "https://registry.npmjs.org/fonts.css/-/fonts.css-2.0.0.tgz",
      "integrity": "sha512-Q1f9npa8JaN+HnIB29U+l50XFIJvawglX2Hx+vEjp6VsghQTPRy0/WISnDhY7ozvUs68TXq7F0KxtVU97uUVYw==",
      "dev": true
    }
  }
}
